version = 1
revision = 2
requires-python = ">=3.12"

[[package]]
name = "click"
version = "8.2.0"
source = { registry = "https://pypi.org/simple" }
dependencies = [
    { name = "colorama", marker = "sys_platform == 'win32'" },
]
sdist = { url = "https://files.pythonhosted.org/packages/cd/0f/62ca20172d4f87d93cf89665fbaedcd560ac48b465bd1d92bfc7ea6b0a41/click-8.2.0.tar.gz", hash = "sha256:f5452aeddd9988eefa20f90f05ab66f17fce1ee2a36907fd30b05bbb5953814d", size = 235857, upload-time = "2025-05-10T22:21:03.111Z" }
wheels = [
    { url = "https://files.pythonhosted.org/packages/a2/58/1f37bf81e3c689cc74ffa42102fa8915b59085f54a6e4a80bc6265c0f6bf/click-8.2.0-py3-none-any.whl", hash = "sha256:6b303f0b2aa85f1cb4e5303078fadcbcd4e476f114fab9b5007005711839325c", size = 102156, upload-time = "2025-05-10T22:21:01.352Z" },
]

[[package]]
name = "colorama"
version = "0.4.6"
source = { registry = "https://pypi.org/simple" }
sdist = { url = "https://files.pythonhosted.org/packages/d8/53/6f443c9a4a8358a93a6792e2acffb9d9d5cb0a5cfd8802644b7b1c9a02e4/colorama-0.4.6.tar.gz", hash = "sha256:08695f5cb7ed6e0531a20572697297273c47b8cae5a63ffc6d6ed5c201be6e44", size = 27697, upload-time = "2022-10-25T02:36:22.414Z" }
wheels = [
    { url = "https://files.pythonhosted.org/packages/d1/d6/3965ed04c63042e047cb6a3e6ed1a63a35087b6a609aa3a15ed8ac56c221/colorama-0.4.6-py2.py3-none-any.whl", hash = "sha256:4f1d9991f5acc0ca119f9d443620b77f9d6b33703e51011c16baf57afb285fc6", size = 25335, upload-time = "2022-10-25T02:36:20.889Z" },
]

[[package]]
name = "load-generator"
version = "0.1.0"
source = { virtual = "." }
dependencies = [
    { name = "click" },
    { name = "numpy" },
    { name = "prometheus-client" },
    { name = "pyyaml" },
    { name = "watchdog" },
]

[package.metadata]
requires-dist = [
    { name = "click", specifier = ">=8.2.0" },
    { name = "numpy", specifier = ">=2.2.5" },
    { name = "prometheus-client", specifier = ">=0.21.1" },
    { name = "pyyaml", specifier = ">=6.0.2" },
    { name = "watchdog", specifier = ">=6.0.0" },
]

[[package]]
name = "numpy"
version = "2.2.5"
source = { registry = "https://pypi.org/simple" }
sdist = { url = "https://files.pythonhosted.org/packages/dc/b2/ce4b867d8cd9c0ee84938ae1e6a6f7926ebf928c9090d036fc3c6a04f946/numpy-2.2.5.tar.gz", hash = "sha256:a9c0d994680cd991b1cb772e8b297340085466a6fe964bc9d4e80f5e2f43c291", size = 20273920, upload-time = "2025-04-19T23:27:42.561Z" }
wheels = [
    { url = "https://files.pythonhosted.org/packages/e2/f7/1fd4ff108cd9d7ef929b8882692e23665dc9c23feecafbb9c6b80f4ec583/numpy-2.2.5-cp312-cp312-macosx_10_13_x86_64.whl", hash = "sha256:ee461a4eaab4f165b68780a6a1af95fb23a29932be7569b9fab666c407969051", size = 20948633, upload-time = "2025-04-19T22:37:52.4Z" },
    { url = "https://files.pythonhosted.org/packages/12/03/d443c278348371b20d830af155ff2079acad6a9e60279fac2b41dbbb73d8/numpy-2.2.5-cp312-cp312-macosx_11_0_arm64.whl", hash = "sha256:ec31367fd6a255dc8de4772bd1658c3e926d8e860a0b6e922b615e532d320ddc", size = 14176123, upload-time = "2025-04-19T22:38:15.058Z" },
    { url = "https://files.pythonhosted.org/packages/2b/0b/5ca264641d0e7b14393313304da48b225d15d471250376f3fbdb1a2be603/numpy-2.2.5-cp312-cp312-macosx_14_0_arm64.whl", hash = "sha256:47834cde750d3c9f4e52c6ca28a7361859fcaf52695c7dc3cc1a720b8922683e", size = 5163817, upload-time = "2025-04-19T22:38:24.885Z" },
    { url = "https://files.pythonhosted.org/packages/04/b3/d522672b9e3d28e26e1613de7675b441bbd1eaca75db95680635dd158c67/numpy-2.2.5-cp312-cp312-macosx_14_0_x86_64.whl", hash = "sha256:2c1a1c6ccce4022383583a6ded7bbcda22fc635eb4eb1e0a053336425ed36dfa", size = 6698066, upload-time = "2025-04-19T22:38:35.782Z" },
    { url = "https://files.pythonhosted.org/packages/a0/93/0f7a75c1ff02d4b76df35079676b3b2719fcdfb39abdf44c8b33f43ef37d/numpy-2.2.5-cp312-cp312-manylinux_2_17_aarch64.manylinux2014_aarch64.whl", hash = "sha256:9d75f338f5f79ee23548b03d801d28a505198297534f62416391857ea0479571", size = 14087277, upload-time = "2025-04-19T22:38:57.697Z" },
    { url = "https://files.pythonhosted.org/packages/b0/d9/7c338b923c53d431bc837b5b787052fef9ae68a56fe91e325aac0d48226e/numpy-2.2.5-cp312-cp312-manylinux_2_17_x86_64.manylinux2014_x86_64.whl", hash = "sha256:3a801fef99668f309b88640e28d261991bfad9617c27beda4a3aec4f217ea073", size = 16135742, upload-time = "2025-04-19T22:39:22.689Z" },
    { url = "https://files.pythonhosted.org/packages/2d/10/4dec9184a5d74ba9867c6f7d1e9f2e0fb5fe96ff2bf50bb6f342d64f2003/numpy-2.2.5-cp312-cp312-musllinux_1_2_aarch64.whl", hash = "sha256:abe38cd8381245a7f49967a6010e77dbf3680bd3627c0fe4362dd693b404c7f8", size = 15581825, upload-time = "2025-04-19T22:39:45.794Z" },
    { url = "https://files.pythonhosted.org/packages/80/1f/2b6fcd636e848053f5b57712a7d1880b1565eec35a637fdfd0a30d5e738d/numpy-2.2.5-cp312-cp312-musllinux_1_2_x86_64.whl", hash = "sha256:5a0ac90e46fdb5649ab6369d1ab6104bfe5854ab19b645bf5cda0127a13034ae", size = 17899600, upload-time = "2025-04-19T22:40:13.427Z" },
    { url = "https://files.pythonhosted.org/packages/ec/87/36801f4dc2623d76a0a3835975524a84bd2b18fe0f8835d45c8eae2f9ff2/numpy-2.2.5-cp312-cp312-win32.whl", hash = "sha256:0cd48122a6b7eab8f06404805b1bd5856200e3ed6f8a1b9a194f9d9054631beb", size = 6312626, upload-time = "2025-04-19T22:40:25.223Z" },
    { url = "https://files.pythonhosted.org/packages/8b/09/4ffb4d6cfe7ca6707336187951992bd8a8b9142cf345d87ab858d2d7636a/numpy-2.2.5-cp312-cp312-win_amd64.whl", hash = "sha256:ced69262a8278547e63409b2653b372bf4baff0870c57efa76c5703fd6543282", size = 12645715, upload-time = "2025-04-19T22:40:44.528Z" },
    { url = "https://files.pythonhosted.org/packages/e2/a0/0aa7f0f4509a2e07bd7a509042967c2fab635690d4f48c6c7b3afd4f448c/numpy-2.2.5-cp313-cp313-macosx_10_13_x86_64.whl", hash = "sha256:059b51b658f4414fff78c6d7b1b4e18283ab5fa56d270ff212d5ba0c561846f4", size = 20935102, upload-time = "2025-04-19T22:41:16.234Z" },
    { url = "https://files.pythonhosted.org/packages/7e/e4/a6a9f4537542912ec513185396fce52cdd45bdcf3e9d921ab02a93ca5aa9/numpy-2.2.5-cp313-cp313-macosx_11_0_arm64.whl", hash = "sha256:47f9ed103af0bc63182609044b0490747e03bd20a67e391192dde119bf43d52f", size = 14191709, upload-time = "2025-04-19T22:41:38.472Z" },
    { url = "https://files.pythonhosted.org/packages/be/65/72f3186b6050bbfe9c43cb81f9df59ae63603491d36179cf7a7c8d216758/numpy-2.2.5-cp313-cp313-macosx_14_0_arm64.whl", hash = "sha256:261a1ef047751bb02f29dfe337230b5882b54521ca121fc7f62668133cb119c9", size = 5149173, upload-time = "2025-04-19T22:41:47.823Z" },
    { url = "https://files.pythonhosted.org/packages/e5/e9/83e7a9432378dde5802651307ae5e9ea07bb72b416728202218cd4da2801/numpy-2.2.5-cp313-cp313-macosx_14_0_x86_64.whl", hash = "sha256:4520caa3807c1ceb005d125a75e715567806fed67e315cea619d5ec6e75a4191", size = 6684502, upload-time = "2025-04-19T22:41:58.689Z" },
    { url = "https://files.pythonhosted.org/packages/ea/27/b80da6c762394c8ee516b74c1f686fcd16c8f23b14de57ba0cad7349d1d2/numpy-2.2.5-cp313-cp313-manylinux_2_17_aarch64.manylinux2014_aarch64.whl", hash = "sha256:3d14b17b9be5f9c9301f43d2e2a4886a33b53f4e6fdf9ca2f4cc60aeeee76372", size = 14084417, upload-time = "2025-04-19T22:42:19.897Z" },
    { url = "https://files.pythonhosted.org/packages/aa/fc/ebfd32c3e124e6a1043e19c0ab0769818aa69050ce5589b63d05ff185526/numpy-2.2.5-cp313-cp313-manylinux_2_17_x86_64.manylinux2014_x86_64.whl", hash = "sha256:2ba321813a00e508d5421104464510cc962a6f791aa2fca1c97b1e65027da80d", size = 16133807, upload-time = "2025-04-19T22:42:44.433Z" },
    { url = "https://files.pythonhosted.org/packages/bf/9b/4cc171a0acbe4666f7775cfd21d4eb6bb1d36d3a0431f48a73e9212d2278/numpy-2.2.5-cp313-cp313-musllinux_1_2_aarch64.whl", hash = "sha256:a4cbdef3ddf777423060c6f81b5694bad2dc9675f110c4b2a60dc0181543fac7", size = 15575611, upload-time = "2025-04-19T22:43:09.928Z" },
    { url = "https://files.pythonhosted.org/packages/a3/45/40f4135341850df48f8edcf949cf47b523c404b712774f8855a64c96ef29/numpy-2.2.5-cp313-cp313-musllinux_1_2_x86_64.whl", hash = "sha256:54088a5a147ab71a8e7fdfd8c3601972751ded0739c6b696ad9cb0343e21ab73", size = 17895747, upload-time = "2025-04-19T22:43:36.983Z" },
    { url = "https://files.pythonhosted.org/packages/f8/4c/b32a17a46f0ffbde8cc82df6d3daeaf4f552e346df143e1b188a701a8f09/numpy-2.2.5-cp313-cp313-win32.whl", hash = "sha256:c8b82a55ef86a2d8e81b63da85e55f5537d2157165be1cb2ce7cfa57b6aef38b", size = 6309594, upload-time = "2025-04-19T22:47:10.523Z" },
    { url = "https://files.pythonhosted.org/packages/13/ae/72e6276feb9ef06787365b05915bfdb057d01fceb4a43cb80978e518d79b/numpy-2.2.5-cp313-cp313-win_amd64.whl", hash = "sha256:d8882a829fd779f0f43998e931c466802a77ca1ee0fe25a3abe50278616b1471", size = 12638356, upload-time = "2025-04-19T22:47:30.253Z" },
    { url = "https://files.pythonhosted.org/packages/79/56/be8b85a9f2adb688e7ded6324e20149a03541d2b3297c3ffc1a73f46dedb/numpy-2.2.5-cp313-cp313t-macosx_10_13_x86_64.whl", hash = "sha256:e8b025c351b9f0e8b5436cf28a07fa4ac0204d67b38f01433ac7f9b870fa38c6", size = 20963778, upload-time = "2025-04-19T22:44:09.251Z" },
    { url = "https://files.pythonhosted.org/packages/ff/77/19c5e62d55bff507a18c3cdff82e94fe174957bad25860a991cac719d3ab/numpy-2.2.5-cp313-cp313t-macosx_11_0_arm64.whl", hash = "sha256:8dfa94b6a4374e7851bbb6f35e6ded2120b752b063e6acdd3157e4d2bb922eba", size = 14207279, upload-time = "2025-04-19T22:44:31.383Z" },
    { url = "https://files.pythonhosted.org/packages/75/22/aa11f22dc11ff4ffe4e849d9b63bbe8d4ac6d5fae85ddaa67dfe43be3e76/numpy-2.2.5-cp313-cp313t-macosx_14_0_arm64.whl", hash = "sha256:97c8425d4e26437e65e1d189d22dff4a079b747ff9c2788057bfb8114ce1e133", size = 5199247, upload-time = "2025-04-19T22:44:40.361Z" },
    { url = "https://files.pythonhosted.org/packages/4f/6c/12d5e760fc62c08eded0394f62039f5a9857f758312bf01632a81d841459/numpy-2.2.5-cp313-cp313t-macosx_14_0_x86_64.whl", hash = "sha256:352d330048c055ea6db701130abc48a21bec690a8d38f8284e00fab256dc1376", size = 6711087, upload-time = "2025-04-19T22:44:51.188Z" },
    { url = "https://files.pythonhosted.org/packages/ef/94/ece8280cf4218b2bee5cec9567629e61e51b4be501e5c6840ceb593db945/numpy-2.2.5-cp313-cp313t-manylinux_2_17_aarch64.manylinux2014_aarch64.whl", hash = "sha256:8b4c0773b6ada798f51f0f8e30c054d32304ccc6e9c5d93d46cb26f3d385ab19", size = 14059964, upload-time = "2025-04-19T22:45:12.451Z" },
    { url = "https://files.pythonhosted.org/packages/39/41/c5377dac0514aaeec69115830a39d905b1882819c8e65d97fc60e177e19e/numpy-2.2.5-cp313-cp313t-manylinux_2_17_x86_64.manylinux2014_x86_64.whl", hash = "sha256:55f09e00d4dccd76b179c0f18a44f041e5332fd0e022886ba1c0bbf3ea4a18d0", size = 16121214, upload-time = "2025-04-19T22:45:37.734Z" },
    { url = "https://files.pythonhosted.org/packages/db/54/3b9f89a943257bc8e187145c6bc0eb8e3d615655f7b14e9b490b053e8149/numpy-2.2.5-cp313-cp313t-musllinux_1_2_aarch64.whl", hash = "sha256:02f226baeefa68f7d579e213d0f3493496397d8f1cff5e2b222af274c86a552a", size = 15575788, upload-time = "2025-04-19T22:46:01.908Z" },
    { url = "https://files.pythonhosted.org/packages/b1/c4/2e407e85df35b29f79945751b8f8e671057a13a376497d7fb2151ba0d290/numpy-2.2.5-cp313-cp313t-musllinux_1_2_x86_64.whl", hash = "sha256:c26843fd58f65da9491165072da2cccc372530681de481ef670dcc8e27cfb066", size = 17893672, upload-time = "2025-04-19T22:46:28.585Z" },
    { url = "https://files.pythonhosted.org/packages/29/7e/d0b44e129d038dba453f00d0e29ebd6eaf2f06055d72b95b9947998aca14/numpy-2.2.5-cp313-cp313t-win32.whl", hash = "sha256:1a161c2c79ab30fe4501d5a2bbfe8b162490757cf90b7f05be8b80bc02f7bb8e", size = 6377102, upload-time = "2025-04-19T22:46:39.949Z" },
    { url = "https://files.pythonhosted.org/packages/63/be/b85e4aa4bf42c6502851b971f1c326d583fcc68227385f92089cf50a7b45/numpy-2.2.5-cp313-cp313t-win_amd64.whl", hash = "sha256:d403c84991b5ad291d3809bace5e85f4bbf44a04bdc9a88ed2bb1807b3360bb8", size = 12750096, upload-time = "2025-04-19T22:47:00.147Z" },
]

[[package]]
name = "prometheus-client"
version = "0.21.1"
source = { registry = "https://pypi.org/simple" }
sdist = { url = "https://files.pythonhosted.org/packages/62/14/7d0f567991f3a9af8d1cd4f619040c93b68f09a02b6d0b6ab1b2d1ded5fe/prometheus_client-0.21.1.tar.gz", hash = "sha256:252505a722ac04b0456be05c05f75f45d760c2911ffc45f2a06bcaed9f3ae3fb", size = 78551, upload-time = "2024-12-03T14:59:12.164Z" }
wheels = [
    { url = "https://files.pythonhosted.org/packages/ff/c2/ab7d37426c179ceb9aeb109a85cda8948bb269b7561a0be870cc656eefe4/prometheus_client-0.21.1-py3-none-any.whl", hash = "sha256:594b45c410d6f4f8888940fe80b5cc2521b305a1fafe1c58609ef715a001f301", size = 54682, upload-time = "2024-12-03T14:59:10.935Z" },
]

[[package]]
name = "pyyaml"
version = "6.0.2"
source = { registry = "https://pypi.org/simple" }
sdist = { url = "https://files.pythonhosted.org/packages/54/ed/79a089b6be93607fa5cdaedf301d7dfb23af5f25c398d5ead2525b063e17/pyyaml-6.0.2.tar.gz", hash = "sha256:d584d9ec91ad65861cc08d42e834324ef890a082e591037abe114850ff7bbc3e", size = 130631, upload-time = "2024-08-06T20:33:50.674Z" }
wheels = [
    { url = "https://files.pythonhosted.org/packages/86/0c/c581167fc46d6d6d7ddcfb8c843a4de25bdd27e4466938109ca68492292c/PyYAML-6.0.2-cp312-cp312-macosx_10_9_x86_64.whl", hash = "sha256:c70c95198c015b85feafc136515252a261a84561b7b1d51e3384e0655ddf25ab", size = 183873, upload-time = "2024-08-06T20:32:25.131Z" },
    { url = "https://files.pythonhosted.org/packages/a8/0c/38374f5bb272c051e2a69281d71cba6fdb983413e6758b84482905e29a5d/PyYAML-6.0.2-cp312-cp312-macosx_11_0_arm64.whl", hash = "sha256:ce826d6ef20b1bc864f0a68340c8b3287705cae2f8b4b1d932177dcc76721725", size = 173302, upload-time = "2024-08-06T20:32:26.511Z" },
    { url = "https://files.pythonhosted.org/packages/c3/93/9916574aa8c00aa06bbac729972eb1071d002b8e158bd0e83a3b9a20a1f7/PyYAML-6.0.2-cp312-cp312-manylinux_2_17_aarch64.manylinux2014_aarch64.whl", hash = "sha256:1f71ea527786de97d1a0cc0eacd1defc0985dcf6b3f17bb77dcfc8c34bec4dc5", size = 739154, upload-time = "2024-08-06T20:32:28.363Z" },
    { url = "https://files.pythonhosted.org/packages/95/0f/b8938f1cbd09739c6da569d172531567dbcc9789e0029aa070856f123984/PyYAML-6.0.2-cp312-cp312-manylinux_2_17_s390x.manylinux2014_s390x.whl", hash = "sha256:9b22676e8097e9e22e36d6b7bda33190d0d400f345f23d4065d48f4ca7ae0425", size = 766223, upload-time = "2024-08-06T20:32:30.058Z" },
    { url = "https://files.pythonhosted.org/packages/b9/2b/614b4752f2e127db5cc206abc23a8c19678e92b23c3db30fc86ab731d3bd/PyYAML-6.0.2-cp312-cp312-manylinux_2_17_x86_64.manylinux2014_x86_64.whl", hash = "sha256:80bab7bfc629882493af4aa31a4cfa43a4c57c83813253626916b8c7ada83476", size = 767542, upload-time = "2024-08-06T20:32:31.881Z" },
    { url = "https://files.pythonhosted.org/packages/d4/00/dd137d5bcc7efea1836d6264f049359861cf548469d18da90cd8216cf05f/PyYAML-6.0.2-cp312-cp312-musllinux_1_1_aarch64.whl", hash = "sha256:0833f8694549e586547b576dcfaba4a6b55b9e96098b36cdc7ebefe667dfed48", size = 731164, upload-time = "2024-08-06T20:32:37.083Z" },
    { url = "https://files.pythonhosted.org/packages/c9/1f/4f998c900485e5c0ef43838363ba4a9723ac0ad73a9dc42068b12aaba4e4/PyYAML-6.0.2-cp312-cp312-musllinux_1_1_x86_64.whl", hash = "sha256:8b9c7197f7cb2738065c481a0461e50ad02f18c78cd75775628afb4d7137fb3b", size = 756611, upload-time = "2024-08-06T20:32:38.898Z" },
    { url = "https://files.pythonhosted.org/packages/df/d1/f5a275fdb252768b7a11ec63585bc38d0e87c9e05668a139fea92b80634c/PyYAML-6.0.2-cp312-cp312-win32.whl", hash = "sha256:ef6107725bd54b262d6dedcc2af448a266975032bc85ef0172c5f059da6325b4", size = 140591, upload-time = "2024-08-06T20:32:40.241Z" },
    { url = "https://files.pythonhosted.org/packages/0c/e8/4f648c598b17c3d06e8753d7d13d57542b30d56e6c2dedf9c331ae56312e/PyYAML-6.0.2-cp312-cp312-win_amd64.whl", hash = "sha256:7e7401d0de89a9a855c839bc697c079a4af81cf878373abd7dc625847d25cbd8", size = 156338, upload-time = "2024-08-06T20:32:41.93Z" },
    { url = "https://files.pythonhosted.org/packages/ef/e3/3af305b830494fa85d95f6d95ef7fa73f2ee1cc8ef5b495c7c3269fb835f/PyYAML-6.0.2-cp313-cp313-macosx_10_13_x86_64.whl", hash = "sha256:efdca5630322a10774e8e98e1af481aad470dd62c3170801852d752aa7a783ba", size = 181309, upload-time = "2024-08-06T20:32:43.4Z" },
    { url = "https://files.pythonhosted.org/packages/45/9f/3b1c20a0b7a3200524eb0076cc027a970d320bd3a6592873c85c92a08731/PyYAML-6.0.2-cp313-cp313-macosx_11_0_arm64.whl", hash = "sha256:50187695423ffe49e2deacb8cd10510bc361faac997de9efef88badc3bb9e2d1", size = 171679, upload-time = "2024-08-06T20:32:44.801Z" },
    { url = "https://files.pythonhosted.org/packages/7c/9a/337322f27005c33bcb656c655fa78325b730324c78620e8328ae28b64d0c/PyYAML-6.0.2-cp313-cp313-manylinux_2_17_aarch64.manylinux2014_aarch64.whl", hash = "sha256:0ffe8360bab4910ef1b9e87fb812d8bc0a308b0d0eef8c8f44e0254ab3b07133", size = 733428, upload-time = "2024-08-06T20:32:46.432Z" },
    { url = "https://files.pythonhosted.org/packages/a3/69/864fbe19e6c18ea3cc196cbe5d392175b4cf3d5d0ac1403ec3f2d237ebb5/PyYAML-6.0.2-cp313-cp313-manylinux_2_17_s390x.manylinux2014_s390x.whl", hash = "sha256:17e311b6c678207928d649faa7cb0d7b4c26a0ba73d41e99c4fff6b6c3276484", size = 763361, upload-time = "2024-08-06T20:32:51.188Z" },
    { url = "https://files.pythonhosted.org/packages/04/24/b7721e4845c2f162d26f50521b825fb061bc0a5afcf9a386840f23ea19fa/PyYAML-6.0.2-cp313-cp313-manylinux_2_17_x86_64.manylinux2014_x86_64.whl", hash = "sha256:70b189594dbe54f75ab3a1acec5f1e3faa7e8cf2f1e08d9b561cb41b845f69d5", size = 759523, upload-time = "2024-08-06T20:32:53.019Z" },
    { url = "https://files.pythonhosted.org/packages/2b/b2/e3234f59ba06559c6ff63c4e10baea10e5e7df868092bf9ab40e5b9c56b6/PyYAML-6.0.2-cp313-cp313-musllinux_1_1_aarch64.whl", hash = "sha256:41e4e3953a79407c794916fa277a82531dd93aad34e29c2a514c2c0c5fe971cc", size = 726660, upload-time = "2024-08-06T20:32:54.708Z" },
    { url = "https://files.pythonhosted.org/packages/fe/0f/25911a9f080464c59fab9027482f822b86bf0608957a5fcc6eaac85aa515/PyYAML-6.0.2-cp313-cp313-musllinux_1_1_x86_64.whl", hash = "sha256:68ccc6023a3400877818152ad9a1033e3db8625d899c72eacb5a668902e4d652", size = 751597, upload-time = "2024-08-06T20:32:56.985Z" },
    { url = "https://files.pythonhosted.org/packages/14/0d/e2c3b43bbce3cf6bd97c840b46088a3031085179e596d4929729d8d68270/PyYAML-6.0.2-cp313-cp313-win32.whl", hash = "sha256:bc2fa7c6b47d6bc618dd7fb02ef6fdedb1090ec036abab80d4681424b84c1183", size = 140527, upload-time = "2024-08-06T20:33:03.001Z" },
    { url = "https://files.pythonhosted.org/packages/fa/de/02b54f42487e3d3c6efb3f89428677074ca7bf43aae402517bc7cca949f3/PyYAML-6.0.2-cp313-cp313-win_amd64.whl", hash = "sha256:8388ee1976c416731879ac16da0aff3f63b286ffdd57cdeb95f3f2e085687563", size = 156446, upload-time = "2024-08-06T20:33:04.33Z" },
]

[[package]]
name = "watchdog"
version = "6.0.0"
source = { registry = "https://pypi.org/simple" }
sdist = { url = "https://files.pythonhosted.org/packages/db/7d/7f3d619e951c88ed75c6037b246ddcf2d322812ee8ea189be89511721d54/watchdog-6.0.0.tar.gz", hash = "sha256:9ddf7c82fda3ae8e24decda1338ede66e1c99883db93711d8fb941eaa2d8c282", size = 131220, upload-time = "2024-11-01T14:07:13.037Z" }
wheels = [
    { url = "https://files.pythonhosted.org/packages/39/ea/3930d07dafc9e286ed356a679aa02d777c06e9bfd1164fa7c19c288a5483/watchdog-6.0.0-cp312-cp312-macosx_10_13_universal2.whl", hash = "sha256:bdd4e6f14b8b18c334febb9c4425a878a2ac20efd1e0b231978e7b150f92a948", size = 96471, upload-time = "2024-11-01T14:06:37.745Z" },
    { url = "https://files.pythonhosted.org/packages/12/87/48361531f70b1f87928b045df868a9fd4e253d9ae087fa4cf3f7113be363/watchdog-6.0.0-cp312-cp312-macosx_10_13_x86_64.whl", hash = "sha256:c7c15dda13c4eb00d6fb6fc508b3c0ed88b9d5d374056b239c4ad1611125c860", size = 88449, upload-time = "2024-11-01T14:06:39.748Z" },
    { url = "https://files.pythonhosted.org/packages/5b/7e/8f322f5e600812e6f9a31b75d242631068ca8f4ef0582dd3ae6e72daecc8/watchdog-6.0.0-cp312-cp312-macosx_11_0_arm64.whl", hash = "sha256:6f10cb2d5902447c7d0da897e2c6768bca89174d0c6e1e30abec5421af97a5b0", size = 89054, upload-time = "2024-11-01T14:06:41.009Z" },
    { url = "https://files.pythonhosted.org/packages/68/98/b0345cabdce2041a01293ba483333582891a3bd5769b08eceb0d406056ef/watchdog-6.0.0-cp313-cp313-macosx_10_13_universal2.whl", hash = "sha256:490ab2ef84f11129844c23fb14ecf30ef3d8a6abafd3754a6f75ca1e6654136c", size = 96480, upload-time = "2024-11-01T14:06:42.952Z" },
    { url = "https://files.pythonhosted.org/packages/85/83/cdf13902c626b28eedef7ec4f10745c52aad8a8fe7eb04ed7b1f111ca20e/watchdog-6.0.0-cp313-cp313-macosx_10_13_x86_64.whl", hash = "sha256:76aae96b00ae814b181bb25b1b98076d5fc84e8a53cd8885a318b42b6d3a5134", size = 88451, upload-time = "2024-11-01T14:06:45.084Z" },
    { url = "https://files.pythonhosted.org/packages/fe/c4/225c87bae08c8b9ec99030cd48ae9c4eca050a59bf5c2255853e18c87b50/watchdog-6.0.0-cp313-cp313-macosx_11_0_arm64.whl", hash = "sha256:a175f755fc2279e0b7312c0035d52e27211a5bc39719dd529625b1930917345b", size = 89057, upload-time = "2024-11-01T14:06:47.324Z" },
    { url = "https://files.pythonhosted.org/packages/a9/c7/ca4bf3e518cb57a686b2feb4f55a1892fd9a3dd13f470fca14e00f80ea36/watchdog-6.0.0-py3-none-manylinux2014_aarch64.whl", hash = "sha256:7607498efa04a3542ae3e05e64da8202e58159aa1fa4acddf7678d34a35d4f13", size = 79079, upload-time = "2024-11-01T14:06:59.472Z" },
    { url = "https://files.pythonhosted.org/packages/5c/51/d46dc9332f9a647593c947b4b88e2381c8dfc0942d15b8edc0310fa4abb1/watchdog-6.0.0-py3-none-manylinux2014_armv7l.whl", hash = "sha256:9041567ee8953024c83343288ccc458fd0a2d811d6a0fd68c4c22609e3490379", size = 79078, upload-time = "2024-11-01T14:07:01.431Z" },
    { url = "https://files.pythonhosted.org/packages/d4/57/04edbf5e169cd318d5f07b4766fee38e825d64b6913ca157ca32d1a42267/watchdog-6.0.0-py3-none-manylinux2014_i686.whl", hash = "sha256:82dc3e3143c7e38ec49d61af98d6558288c415eac98486a5c581726e0737c00e", size = 79076, upload-time = "2024-11-01T14:07:02.568Z" },
    { url = "https://files.pythonhosted.org/packages/ab/cc/da8422b300e13cb187d2203f20b9253e91058aaf7db65b74142013478e66/watchdog-6.0.0-py3-none-manylinux2014_ppc64.whl", hash = "sha256:212ac9b8bf1161dc91bd09c048048a95ca3a4c4f5e5d4a7d1b1a7d5752a7f96f", size = 79077, upload-time = "2024-11-01T14:07:03.893Z" },
    { url = "https://files.pythonhosted.org/packages/2c/3b/b8964e04ae1a025c44ba8e4291f86e97fac443bca31de8bd98d3263d2fcf/watchdog-6.0.0-py3-none-manylinux2014_ppc64le.whl", hash = "sha256:e3df4cbb9a450c6d49318f6d14f4bbc80d763fa587ba46ec86f99f9e6876bb26", size = 79078, upload-time = "2024-11-01T14:07:05.189Z" },
    { url = "https://files.pythonhosted.org/packages/62/ae/a696eb424bedff7407801c257d4b1afda455fe40821a2be430e173660e81/watchdog-6.0.0-py3-none-manylinux2014_s390x.whl", hash = "sha256:2cce7cfc2008eb51feb6aab51251fd79b85d9894e98ba847408f662b3395ca3c", size = 79077, upload-time = "2024-11-01T14:07:06.376Z" },
    { url = "https://files.pythonhosted.org/packages/b5/e8/dbf020b4d98251a9860752a094d09a65e1b436ad181faf929983f697048f/watchdog-6.0.0-py3-none-manylinux2014_x86_64.whl", hash = "sha256:20ffe5b202af80ab4266dcd3e91aae72bf2da48c0d33bdb15c66658e685e94e2", size = 79078, upload-time = "2024-11-01T14:07:07.547Z" },
    { url = "https://files.pythonhosted.org/packages/07/f6/d0e5b343768e8bcb4cda79f0f2f55051bf26177ecd5651f84c07567461cf/watchdog-6.0.0-py3-none-win32.whl", hash = "sha256:07df1fdd701c5d4c8e55ef6cf55b8f0120fe1aef7ef39a1c6fc6bc2e606d517a", size = 79065, upload-time = "2024-11-01T14:07:09.525Z" },
    { url = "https://files.pythonhosted.org/packages/db/d9/c495884c6e548fce18a8f40568ff120bc3a4b7b99813081c8ac0c936fa64/watchdog-6.0.0-py3-none-win_amd64.whl", hash = "sha256:cbafb470cf848d93b5d013e2ecb245d4aa1c8fd0504e863ccefa32445359d680", size = 79070, upload-time = "2024-11-01T14:07:10.686Z" },
    { url = "https://files.pythonhosted.org/packages/33/e8/e40370e6d74ddba47f002a32919d91310d6074130fe4e17dabcafc15cbf1/watchdog-6.0.0-py3-none-win_ia64.whl", hash = "sha256:a1914259fa9e1454315171103c6a30961236f508b9b623eae470268bbcc6a22f", size = 79067, upload-time = "2024-11-01T14:07:11.845Z" },
]
